
Microsoft Visual Studio Solution File, Format Version 12.00
Project("{FAE04EC0-301F-11D3-BF4B-00C04F79EFBC}") = "PanamaBackend", "PanamaBackend.csproj", "{B3CB2504-6DC7-4C67-B0B2-DB2865ED5B08}"
EndProject
Global
	GlobalSection(SolutionConfigurationPlatforms) = preSolution
		Debug|Any CPU = Debug|Any CPU
		Release|Any CPU = Release|Any CPU
	EndGlobalSection
	GlobalSection(ProjectConfigurationPlatforms) = postSolution
		{B3CB2504-6DC7-4C67-B0B2-DB2865ED5B08}.Debug|Any CPU.ActiveCfg = Debug|Any CPU
		{B3CB2504-6DC7-4C67-B0B2-DB2865ED5B08}.Debug|Any CPU.Build.0 = Debug|Any CPU
		{B3CB2504-6DC7-4C67-B0B2-DB2865ED5B08}.Release|Any CPU.ActiveCfg = Release|Any CPU
		{B3CB2504-6DC7-4C67-B0B2-DB2865ED5B08}.Release|Any CPU.Build.0 = Release|Any CPU
	EndGlobalSection
EndGlobal
